
Microsoft Visual Studio Solution File, Format Version 12.00
# Visual Studio Version 17
VisualStudioVersion = 17.5.002.0
MinimumVisualStudioVersion = 10.0.40219.1
Project("{2150E333-8FDC-42A3-9474-1A3956D46DE8}") = "sandbox", "sandbox", "{F619B143-BF99-4AC5-BDF0-818A355A8210}"
EndProject
Project("{9A19103F-16F7-4668-BE54-9A1E7A4F7556}") = "sandbox_project", "sandbox\sandbox_project\sandbox_project.csproj", "{64CBAEBE-6CEC-44A0-A735-ADBA968421DC}"
EndProject
Project("{2150E333-8FDC-42A3-9474-1A3956D46DE8}") = "week01", "week01", "{F82AD374-CCF7-49C6-9579-1C417E750306}"
EndProject
Project("{9A19103F-16F7-4668-BE54-9A1E7A4F7556}") = "analyze", "week01\analyze\analyze.csproj", "{6C5B7C90-58C8-4853-A3CC-F9758AED0076}"
EndProject
Project("{9A19103F-16F7-4668-BE54-9A1E7A4F7556}") = "code", "week01\code\code.csproj", "{107275BD-B6A0-450D-B5BB-058782CD0177}"
EndProject
Project("{9A19103F-16F7-4668-BE54-9A1E7A4F7556}") = "teach", "week01\teach\teach.csproj", "{2B19E2EB-26E4-4E0C-AD5A-B6F3D620F488}"
EndProject
Project("{2150E333-8FDC-42A3-9474-1A3956D46DE8}") = "week02", "week02", "{F2F8FE5D-1FFF-477D-BCDB-F74CE2E9787A}"
EndProject
Project("{9A19103F-16F7-4668-BE54-9A1E7A4F7556}") = "analyze", "week02\analyze\analyze.csproj", "{1C2AE2B0-54DE-4B2D-8586-423711517EDD}"
EndProject
Project("{9A19103F-16F7-4668-BE54-9A1E7A4F7556}") = "code", "week02\code\code.csproj", "{9709D0FD-CAFE-41E3-9599-2FAA5AD208C2}"
EndProject
Project("{9A19103F-16F7-4668-BE54-9A1E7A4F7556}") = "learn", "week02\learn\learn.csproj", "{545DA2B7-B3FD-46A2-8C87-EF3EEA298EFC}"
EndProject
Project("{9A19103F-16F7-4668-BE54-9A1E7A4F7556}") = "teach", "week02\teach\teach.csproj", "{357F39BA-4CE6-4303-822D-0672CFB1274C}"
EndProject
Project("{2150E333-8FDC-42A3-9474-1A3956D46DE8}") = "week03", "week03", "{25FE1DAE-B440-478D-94BC-DAAC22E4ED8E}"
EndProject
Project("{9A19103F-16F7-4668-BE54-9A1E7A4F7556}") = "code", "week03\code\code.csproj", "{FFA8BBC4-771D-45AC-9420-4936263E20DA}"
EndProject
Project("{9A19103F-16F7-4668-BE54-9A1E7A4F7556}") = "learn", "week03\learn\learn.csproj", "{227C820F-AF58-4335-80B3-22FA90A06382}"
EndProject
Project("{9A19103F-16F7-4668-BE54-9A1E7A4F7556}") = "teach", "week03\teach\teach.csproj", "{B36E0277-C566-4CBF-8D8A-84760B3183B1}"
EndProject
Project("{2150E333-8FDC-42A3-9474-1A3956D46DE8}") = "week04", "week04", "{E40CCCED-822E-4238-B380-2DA55E5BFB55}"
EndProject
Project("{9A19103F-16F7-4668-BE54-9A1E7A4F7556}") = "code", "week04\code\code.csproj", "{81A723A7-3752-4766-BE7E-FAEC1D4D48DC}"
EndProject
Project("{2150E333-8FDC-42A3-9474-1A3956D46DE8}") = "week05", "week05", "{CEB1D7F0-7A0B-464B-9746-D6F2790CE581}"
EndProject
Project("{9A19103F-16F7-4668-BE54-9A1E7A4F7556}") = "code", "week05\code\code.csproj", "{CE902A9B-45D1-486D-BC5F-978855EF1F1C}"
EndProject
Project("{2150E333-8FDC-42A3-9474-1A3956D46DE8}") = "week06", "week06", "{1FA4259E-D58E-4547-BC05-79A50698C9D3}"
EndProject
Project("{9A19103F-16F7-4668-BE54-9A1E7A4F7556}") = "code", "week06\code\code.csproj", "{B31A7461-A406-4B80-8BFD-1DAB3DF5523C}"
EndProject
Global
	GlobalSection(SolutionConfigurationPlatforms) = preSolution
		Debug|Any CPU = Debug|Any CPU
		Release|Any CPU = Release|Any CPU
	EndGlobalSection
	GlobalSection(ProjectConfigurationPlatforms) = postSolution
		{64CBAEBE-6CEC-44A0-A735-ADBA968421DC}.Debug|Any CPU.ActiveCfg = Debug|Any CPU
		{64CBAEBE-6CEC-44A0-A735-ADBA968421DC}.Debug|Any CPU.Build.0 = Debug|Any CPU
		{64CBAEBE-6CEC-44A0-A735-ADBA968421DC}.Release|Any CPU.ActiveCfg = Release|Any CPU
		{64CBAEBE-6CEC-44A0-A735-ADBA968421DC}.Release|Any CPU.Build.0 = Release|Any CPU
		{6C5B7C90-58C8-4853-A3CC-F9758AED0076}.Debug|Any CPU.ActiveCfg = Debug|Any CPU
		{6C5B7C90-58C8-4853-A3CC-F9758AED0076}.Debug|Any CPU.Build.0 = Debug|Any CPU
		{6C5B7C90-58C8-4853-A3CC-F9758AED0076}.Release|Any CPU.ActiveCfg = Release|Any CPU
		{6C5B7C90-58C8-4853-A3CC-F9758AED0076}.Release|Any CPU.Build.0 = Release|Any CPU
		{107275BD-B6A0-450D-B5BB-058782CD0177}.Debug|Any CPU.ActiveCfg = Debug|Any CPU
		{107275BD-B6A0-450D-B5BB-058782CD0177}.Debug|Any CPU.Build.0 = Debug|Any CPU
		{107275BD-B6A0-450D-B5BB-058782CD0177}.Release|Any CPU.ActiveCfg = Release|Any CPU
		{107275BD-B6A0-450D-B5BB-058782CD0177}.Release|Any CPU.Build.0 = Release|Any CPU
		{2B19E2EB-26E4-4E0C-AD5A-B6F3D620F488}.Debug|Any CPU.ActiveCfg = Debug|Any CPU
		{2B19E2EB-26E4-4E0C-AD5A-B6F3D620F488}.Debug|Any CPU.Build.0 = Debug|Any CPU
		{2B19E2EB-26E4-4E0C-AD5A-B6F3D620F488}.Release|Any CPU.ActiveCfg = Release|Any CPU
		{2B19E2EB-26E4-4E0C-AD5A-B6F3D620F488}.Release|Any CPU.Build.0 = Release|Any CPU
		{1C2AE2B0-54DE-4B2D-8586-423711517EDD}.Debug|Any CPU.ActiveCfg = Debug|Any CPU
		{1C2AE2B0-54DE-4B2D-8586-423711517EDD}.Debug|Any CPU.Build.0 = Debug|Any CPU
		{1C2AE2B0-54DE-4B2D-8586-423711517EDD}.Release|Any CPU.ActiveCfg = Release|Any CPU
		{1C2AE2B0-54DE-4B2D-8586-423711517EDD}.Release|Any CPU.Build.0 = Release|Any CPU
		{9709D0FD-CAFE-41E3-9599-2FAA5AD208C2}.Debug|Any CPU.ActiveCfg = Debug|Any CPU
		{9709D0FD-CAFE-41E3-9599-2FAA5AD208C2}.Debug|Any CPU.Build.0 = Debug|Any CPU
		{9709D0FD-CAFE-41E3-9599-2FAA5AD208C2}.Release|Any CPU.ActiveCfg = Release|Any CPU
		{9709D0FD-CAFE-41E3-9599-2FAA5AD208C2}.Release|Any CPU.Build.0 = Release|Any CPU
		{545DA2B7-B3FD-46A2-8C87-EF3EEA298EFC}.Debug|Any CPU.ActiveCfg = Debug|Any CPU
		{545DA2B7-B3FD-46A2-8C87-EF3EEA298EFC}.Debug|Any CPU.Build.0 = Debug|Any CPU
		{545DA2B7-B3FD-46A2-8C87-EF3EEA298EFC}.Release|Any CPU.ActiveCfg = Release|Any CPU
		{545DA2B7-B3FD-46A2-8C87-EF3EEA298EFC}.Release|Any CPU.Build.0 = Release|Any CPU
		{357F39BA-4CE6-4303-822D-0672CFB1274C}.Debug|Any CPU.ActiveCfg = Debug|Any CPU
		{357F39BA-4CE6-4303-822D-0672CFB1274C}.Debug|Any CPU.Build.0 = Debug|Any CPU
		{357F39BA-4CE6-4303-822D-0672CFB1274C}.Release|Any CPU.ActiveCfg = Release|Any CPU
		{357F39BA-4CE6-4303-822D-0672CFB1274C}.Release|Any CPU.Build.0 = Release|Any CPU
		{FFA8BBC4-771D-45AC-9420-4936263E20DA}.Debug|Any CPU.ActiveCfg = Debug|Any CPU
		{FFA8BBC4-771D-45AC-9420-4936263E20DA}.Debug|Any CPU.Build.0 = Debug|Any CPU
		{FFA8BBC4-771D-45AC-9420-4936263E20DA}.Release|Any CPU.ActiveCfg = Release|Any CPU
		{FFA8BBC4-771D-45AC-9420-4936263E20DA}.Release|Any CPU.Build.0 = Release|Any CPU
		{227C820F-AF58-4335-80B3-22FA90A06382}.Debug|Any CPU.ActiveCfg = Debug|Any CPU
		{227C820F-AF58-4335-80B3-22FA90A06382}.Debug|Any CPU.Build.0 = Debug|Any CPU
		{227C820F-AF58-4335-80B3-22FA90A06382}.Release|Any CPU.ActiveCfg = Release|Any CPU
		{227C820F-AF58-4335-80B3-22FA90A06382}.Release|Any CPU.Build.0 = Release|Any CPU
		{B36E0277-C566-4CBF-8D8A-84760B3183B1}.Debug|Any CPU.ActiveCfg = Debug|Any CPU
		{B36E0277-C566-4CBF-8D8A-84760B3183B1}.Debug|Any CPU.Build.0 = Debug|Any CPU
		{B36E0277-C566-4CBF-8D8A-84760B3183B1}.Release|Any CPU.ActiveCfg = Release|Any CPU
		{B36E0277-C566-4CBF-8D8A-84760B3183B1}.Release|Any CPU.Build.0 = Release|Any CPU
		{81A723A7-3752-4766-BE7E-FAEC1D4D48DC}.Debug|Any CPU.ActiveCfg = Debug|Any CPU
		{81A723A7-3752-4766-BE7E-FAEC1D4D48DC}.Debug|Any CPU.Build.0 = Debug|Any CPU
		{81A723A7-3752-4766-BE7E-FAEC1D4D48DC}.Release|Any CPU.ActiveCfg = Release|Any CPU
		{81A723A7-3752-4766-BE7E-FAEC1D4D48DC}.Release|Any CPU.Build.0 = Release|Any CPU
		{CE902A9B-45D1-486D-BC5F-978855EF1F1C}.Debug|Any CPU.ActiveCfg = Debug|Any CPU
		{CE902A9B-45D1-486D-BC5F-978855EF1F1C}.Debug|Any CPU.Build.0 = Debug|Any CPU
		{CE902A9B-45D1-486D-BC5F-978855EF1F1C}.Release|Any CPU.ActiveCfg = Release|Any CPU
		{CE902A9B-45D1-486D-BC5F-978855EF1F1C}.Release|Any CPU.Build.0 = Release|Any CPU
		{B31A7461-A406-4B80-8BFD-1DAB3DF5523C}.Debug|Any CPU.ActiveCfg = Debug|Any CPU
		{B31A7461-A406-4B80-8BFD-1DAB3DF5523C}.Debug|Any CPU.Build.0 = Debug|Any CPU
		{B31A7461-A406-4B80-8BFD-1DAB3DF5523C}.Release|Any CPU.ActiveCfg = Release|Any CPU
		{B31A7461-A406-4B80-8BFD-1DAB3DF5523C}.Release|Any CPU.Build.0 = Release|Any CPU
	EndGlobalSection
	GlobalSection(SolutionProperties) = preSolution
		HideSolutionNode = FALSE
	EndGlobalSection
	GlobalSection(NestedProjects) = preSolution
		{64CBAEBE-6CEC-44A0-A735-ADBA968421DC} = {F619B143-BF99-4AC5-BDF0-818A355A8210}
		{6C5B7C90-58C8-4853-A3CC-F9758AED0076} = {F82AD374-CCF7-49C6-9579-1C417E750306}
		{107275BD-B6A0-450D-B5BB-058782CD0177} = {F82AD374-CCF7-49C6-9579-1C417E750306}
		{2B19E2EB-26E4-4E0C-AD5A-B6F3D620F488} = {F82AD374-CCF7-49C6-9579-1C417E750306}
		{1C2AE2B0-54DE-4B2D-8586-423711517EDD} = {F2F8FE5D-1FFF-477D-BCDB-F74CE2E9787A}
		{9709D0FD-CAFE-41E3-9599-2FAA5AD208C2} = {F2F8FE5D-1FFF-477D-BCDB-F74CE2E9787A}
		{545DA2B7-B3FD-46A2-8C87-EF3EEA298EFC} = {F2F8FE5D-1FFF-477D-BCDB-F74CE2E9787A}
		{357F39BA-4CE6-4303-822D-0672CFB1274C} = {F2F8FE5D-1FFF-477D-BCDB-F74CE2E9787A}
		{FFA8BBC4-771D-45AC-9420-4936263E20DA} = {25FE1DAE-B440-478D-94BC-DAAC22E4ED8E}
		{227C820F-AF58-4335-80B3-22FA90A06382} = {25FE1DAE-B440-478D-94BC-DAAC22E4ED8E}
		{B36E0277-C566-4CBF-8D8A-84760B3183B1} = {25FE1DAE-B440-478D-94BC-DAAC22E4ED8E}
		{81A723A7-3752-4766-BE7E-FAEC1D4D48DC} = {E40CCCED-822E-4238-B380-2DA55E5BFB55}
		{CE902A9B-45D1-486D-BC5F-978855EF1F1C} = {CEB1D7F0-7A0B-464B-9746-D6F2790CE581}
		{B31A7461-A406-4B80-8BFD-1DAB3DF5523C} = {1FA4259E-D58E-4547-BC05-79A50698C9D3}
	EndGlobalSection
	GlobalSection(ExtensibilityGlobals) = postSolution
		SolutionGuid = {C07CD1EB-47BE-4C7D-B4C1-1EF37AAF4952}
	EndGlobalSection
EndGlobal
